
Microsoft Visual Studio Solution File, Format Version 12.00
# Visual Studio Version 16
VisualStudioVersion = 16.0.29709.97
MinimumVisualStudioVersion = 10.0.40219.1
Project("{FAE04EC0-301F-11D3-BF4B-00C04F79EFBC}") = "CapaDatos", "CapaDatos\CapaDatos.csproj", "{04AE3F1B-3A5F-42C5-8EFE-0AC5513A736E}"
EndProject
Project("{FAE04EC0-301F-11D3-BF4B-00C04F79EFBC}") = "CapaDiseno", "CapaDiseno\CapaDiseno.csproj", "{825D4DD4-D6EA-488E-922B-2E02AF616D57}"
EndProject
Project("{FAE04EC0-301F-11D3-BF4B-00C04F79EFBC}") = "CapaLogica", "CapaLogica\CapaLogica.csproj", "{1AB2E63C-617D-4F17-BBA2-4A233700366D}"
EndProject
Global
	GlobalSection(SolutionConfigurationPlatforms) = preSolution
		Debug|Any CPU = Debug|Any CPU
		Release|Any CPU = Release|Any CPU
	EndGlobalSection
	GlobalSection(ProjectConfigurationPlatforms) = postSolution
		{04AE3F1B-3A5F-42C5-8EFE-0AC5513A736E}.Debug|Any CPU.ActiveCfg = Debug|Any CPU
		{04AE3F1B-3A5F-42C5-8EFE-0AC5513A736E}.Debug|Any CPU.Build.0 = Debug|Any CPU
		{04AE3F1B-3A5F-42C5-8EFE-0AC5513A736E}.Release|Any CPU.ActiveCfg = Release|Any CPU
		{04AE3F1B-3A5F-42C5-8EFE-0AC5513A736E}.Release|Any CPU.Build.0 = Release|Any CPU
		{825D4DD4-D6EA-488E-922B-2E02AF616D57}.Debug|Any CPU.ActiveCfg = Debug|Any CPU
		{825D4DD4-D6EA-488E-922B-2E02AF616D57}.Debug|Any CPU.Build.0 = Debug|Any CPU
		{825D4DD4-D6EA-488E-922B-2E02AF616D57}.Release|Any CPU.ActiveCfg = Release|Any CPU
		{825D4DD4-D6EA-488E-922B-2E02AF616D57}.Release|Any CPU.Build.0 = Release|Any CPU
		{1AB2E63C-617D-4F17-BBA2-4A233700366D}.Debug|Any CPU.ActiveCfg = Debug|Any CPU
		{1AB2E63C-617D-4F17-BBA2-4A233700366D}.Debug|Any CPU.Build.0 = Debug|Any CPU
		{1AB2E63C-617D-4F17-BBA2-4A233700366D}.Release|Any CPU.ActiveCfg = Release|Any CPU
		{1AB2E63C-617D-4F17-BBA2-4A233700366D}.Release|Any CPU.Build.0 = Release|Any CPU
	EndGlobalSection
	GlobalSection(SolutionProperties) = preSolution
		HideSolutionNode = FALSE
	EndGlobalSection
	GlobalSection(ExtensibilityGlobals) = postSolution
		SolutionGuid = {C70E511C-1A5E-4C08-AA9A-F14EE04708E6}
	EndGlobalSection
EndGlobal
